
Microsoft Visual Studio Solution File, Format Version 12.00
# Visual Studio Version 17
VisualStudioVersion = 17.7.34221.43
MinimumVisualStudioVersion = 10.0.40219.1
Project("{8BC9CEB8-8B4A-11D0-8D11-00A0C91BC942}") = "CUDADithering", "CUDADithering\CUDADithering.vcxproj", "{DEE5FDC2-69DA-4B59-A69C-76BB0681BA00}"
EndProject
Global
	GlobalSection(SolutionConfigurationPlatforms) = preSolution
		Debug|x64 = Debug|x64
		Release|x64 = Release|x64
	EndGlobalSection
	GlobalSection(ProjectConfigurationPlatforms) = postSolution
		{DEE5FDC2-69DA-4B59-A69C-76BB0681BA00}.Debug|x64.ActiveCfg = Debug|x64
		{DEE5FDC2-69DA-4B59-A69C-76BB0681BA00}.Debug|x64.Build.0 = Debug|x64
		{DEE5FDC2-69DA-4B59-A69C-76BB0681BA00}.Release|x64.ActiveCfg = Release|x64
		{DEE5FDC2-69DA-4B59-A69C-76BB0681BA00}.Release|x64.Build.0 = Release|x64
	EndGlobalSection
	GlobalSection(SolutionProperties) = preSolution
		HideSolutionNode = FALSE
	EndGlobalSection
	GlobalSection(ExtensibilityGlobals) = postSolution
		SolutionGuid = {34A1938F-EBB2-4826-B16E-A9B5C70F8040}
	EndGlobalSection
EndGlobal
